
Microsoft Visual Studio Solution File, Format Version 12.00
# Visual Studio Version 16
VisualStudioVersion = 16.0.28803.202
MinimumVisualStudioVersion = 10.0.40219.1
Project("{FAE04EC0-301F-11D3-BF4B-00C04F79EFBC}") = "BitCoinCalculator2", "BitCoinCalculator2\BitCoinCalculator2.csproj", "{EE132EE7-9E64-46C3-9D13-DA89E907D6BB}"
EndProject
Global
	GlobalSection(SolutionConfigurationPlatforms) = preSolution
		Debug|Any CPU = Debug|Any CPU
		Release|Any CPU = Release|Any CPU
	EndGlobalSection
	GlobalSection(ProjectConfigurationPlatforms) = postSolution
		{EE132EE7-9E64-46C3-9D13-DA89E907D6BB}.Debug|Any CPU.ActiveCfg = Debug|Any CPU
		{EE132EE7-9E64-46C3-9D13-DA89E907D6BB}.Debug|Any CPU.Build.0 = Debug|Any CPU
		{EE132EE7-9E64-46C3-9D13-DA89E907D6BB}.Release|Any CPU.ActiveCfg = Release|Any CPU
		{EE132EE7-9E64-46C3-9D13-DA89E907D6BB}.Release|Any CPU.Build.0 = Release|Any CPU
	EndGlobalSection
	GlobalSection(SolutionProperties) = preSolution
		HideSolutionNode = FALSE
	EndGlobalSection
	GlobalSection(ExtensibilityGlobals) = postSolution
		SolutionGuid = {946FF661-50B5-4387-BA88-559AE196579B}
	EndGlobalSection
EndGlobal
